id: msg_ctrl_bladerf_msg_bladerf_src
label: msg_bladerf_src
category: '[msg_ctrl_bladerf]'

templates:
  imports: from gnuradio import msg_ctrl_bladerf
  make: msg_ctrl_bladerf.msg_bladerf_src(${samp_rate}, ${freq}, ${bw}, ${gain0}, ${gm0}, ${gain1}, ${gm1}, ${biastee_rx}, ${external_ref}, ${external_freq}, ${verbose}, ${display_level})

  callbacks:
  - set_freq(${freq})
  - set_bw(${bw})
  - set_gain(${gain0},0)
  - set_gain(${gain1},1)
  - set_gainmode(${gm0},0)
  - set_gainmode(${gm1},1)
  - set_biastee(${biastee_rx})
  - set_external_ref(${external_ref})

parameters:
- id: samp_rate
  label: Sample rate
  dtype: int
  default: samp_rate
- id: freq
  label: Frequency
  dtype: int
- id: bw
  label: Bandwidth
  dtype: int
  default: 0
- id: gain0
  label: Gain CH0
  dtype: int
  default: 30
- id: gm0
  label: Gainmode CH0
  dtype: int
  default: 0
- id: gain1
  label: Gain CH1
  dtype: int
  default: 30
- id: gm1
  label: Gainmode CH1
  dtype: int
  default: 0
- id: biastee_rx
  label: Biastee RX
  dtype: int
  default: 0
- id: external_ref
  label: Use ext ref
  dtype: int
  default: 0
- id: external_freq
  label: Ext ref freq
  dtype: int
  default: 10000000
- id: verbose
  label: Verbose
  dtype: int
  default: 0
- id: display_level
  label: Display level
  dtype: int
  default: 0

inputs:
- label: config_in
  domain: message
  optional: true

outputs:
- label: out
  domain: stream
  dtype: complex
- label: config_out
  domain: message
  optional: true

#  'file_format' specifies the version of the GRC yml format used in the file
#  and should usually not be changed.
file_format: 1
